
Microsoft Visual Studio Solution File, Format Version 12.00
# Visual Studio Version 17
VisualStudioVersion = 17.4.33213.308
MinimumVisualStudioVersion = 10.0.40219.1
Project("{FAE04EC0-301F-11D3-BF4B-00C04F79EFBC}") = "Entity_Lesson1", "Entity_Lesson1\Entity_Lesson1.csproj", "{BBDE2028-B2AE-4F8A-ABE7-4A3E6D912458}"
EndProject
Global
	GlobalSection(SolutionConfigurationPlatforms) = preSolution
		Debug|Any CPU = Debug|Any CPU
		Release|Any CPU = Release|Any CPU
	EndGlobalSection
	GlobalSection(ProjectConfigurationPlatforms) = postSolution
		{BBDE2028-B2AE-4F8A-ABE7-4A3E6D912458}.Debug|Any CPU.ActiveCfg = Debug|Any CPU
		{BBDE2028-B2AE-4F8A-ABE7-4A3E6D912458}.Debug|Any CPU.Build.0 = Debug|Any CPU
		{BBDE2028-B2AE-4F8A-ABE7-4A3E6D912458}.Release|Any CPU.ActiveCfg = Release|Any CPU
		{BBDE2028-B2AE-4F8A-ABE7-4A3E6D912458}.Release|Any CPU.Build.0 = Release|Any CPU
	EndGlobalSection
	GlobalSection(SolutionProperties) = preSolution
		HideSolutionNode = FALSE
	EndGlobalSection
	GlobalSection(ExtensibilityGlobals) = postSolution
		SolutionGuid = {5979A52D-4AC2-48FC-8186-A888231DFD7D}
	EndGlobalSection
EndGlobal
