
Microsoft Visual Studio Solution File, Format Version 12.00
# Visual Studio Version 17
VisualStudioVersion = 17.4.33213.308
MinimumVisualStudioVersion = 10.0.40219.1
Project("{FAE04EC0-301F-11D3-BF4B-00C04F79EFBC}") = "ShoppingApp1", "ShoppingApp1\ShoppingApp1.csproj", "{3748C04A-F79D-4C6F-9CC1-539BECA009A5}"
EndProject
Global
	GlobalSection(SolutionConfigurationPlatforms) = preSolution
		Debug|Any CPU = Debug|Any CPU
		Release|Any CPU = Release|Any CPU
	EndGlobalSection
	GlobalSection(ProjectConfigurationPlatforms) = postSolution
		{3748C04A-F79D-4C6F-9CC1-539BECA009A5}.Debug|Any CPU.ActiveCfg = Debug|Any CPU
		{3748C04A-F79D-4C6F-9CC1-539BECA009A5}.Debug|Any CPU.Build.0 = Debug|Any CPU
		{3748C04A-F79D-4C6F-9CC1-539BECA009A5}.Release|Any CPU.ActiveCfg = Release|Any CPU
		{3748C04A-F79D-4C6F-9CC1-539BECA009A5}.Release|Any CPU.Build.0 = Release|Any CPU
	EndGlobalSection
	GlobalSection(SolutionProperties) = preSolution
		HideSolutionNode = FALSE
	EndGlobalSection
	GlobalSection(ExtensibilityGlobals) = postSolution
		SolutionGuid = {F5A14FE7-8EAF-4F52-A902-13B1B916C94B}
	EndGlobalSection
EndGlobal
