
Microsoft Visual Studio Solution File, Format Version 12.00
# Visual Studio Version 17
VisualStudioVersion = 17.4.33213.308
MinimumVisualStudioVersion = 10.0.40219.1
Project("{FAE04EC0-301F-11D3-BF4B-00C04F79EFBC}") = "E_Commerce_Book_Basic_OOP", "E_Commerce_Book_Basic_OOP\E_Commerce_Book_Basic_OOP.csproj", "{217A123B-FF9F-48E8-B4CB-475A26AA519E}"
EndProject
Global
	GlobalSection(SolutionConfigurationPlatforms) = preSolution
		Debug|Any CPU = Debug|Any CPU
		Release|Any CPU = Release|Any CPU
	EndGlobalSection
	GlobalSection(ProjectConfigurationPlatforms) = postSolution
		{217A123B-FF9F-48E8-B4CB-475A26AA519E}.Debug|Any CPU.ActiveCfg = Debug|Any CPU
		{217A123B-FF9F-48E8-B4CB-475A26AA519E}.Debug|Any CPU.Build.0 = Debug|Any CPU
		{217A123B-FF9F-48E8-B4CB-475A26AA519E}.Release|Any CPU.ActiveCfg = Release|Any CPU
		{217A123B-FF9F-48E8-B4CB-475A26AA519E}.Release|Any CPU.Build.0 = Release|Any CPU
	EndGlobalSection
	GlobalSection(SolutionProperties) = preSolution
		HideSolutionNode = FALSE
	EndGlobalSection
	GlobalSection(ExtensibilityGlobals) = postSolution
		SolutionGuid = {DEA268C6-3EE4-4AE7-B608-969D8C1986A6}
	EndGlobalSection
EndGlobal
