
Microsoft Visual Studio Solution File, Format Version 12.00
# Visual Studio Version 17
VisualStudioVersion = 17.4.33213.308
MinimumVisualStudioVersion = 10.0.40219.1
Project("{FAE04EC0-301F-11D3-BF4B-00C04F79EFBC}") = "Windows_Forms_Giris", "Windows_Forms_Giris\Windows_Forms_Giris.csproj", "{D4DA89C1-B566-4427-926B-B59A89C3683A}"
EndProject
Global
	GlobalSection(SolutionConfigurationPlatforms) = preSolution
		Debug|Any CPU = Debug|Any CPU
		Release|Any CPU = Release|Any CPU
	EndGlobalSection
	GlobalSection(ProjectConfigurationPlatforms) = postSolution
		{D4DA89C1-B566-4427-926B-B59A89C3683A}.Debug|Any CPU.ActiveCfg = Debug|Any CPU
		{D4DA89C1-B566-4427-926B-B59A89C3683A}.Debug|Any CPU.Build.0 = Debug|Any CPU
		{D4DA89C1-B566-4427-926B-B59A89C3683A}.Release|Any CPU.ActiveCfg = Release|Any CPU
		{D4DA89C1-B566-4427-926B-B59A89C3683A}.Release|Any CPU.Build.0 = Release|Any CPU
	EndGlobalSection
	GlobalSection(SolutionProperties) = preSolution
		HideSolutionNode = FALSE
	EndGlobalSection
	GlobalSection(ExtensibilityGlobals) = postSolution
		SolutionGuid = {DA326EAF-132C-4D54-BB17-2E4B9923C258}
	EndGlobalSection
EndGlobal
