
Microsoft Visual Studio Solution File, Format Version 12.00
# Visual Studio Version 17
VisualStudioVersion = 17.5.33414.496
MinimumVisualStudioVersion = 10.0.40219.1
Project("{FAE04EC0-301F-11D3-BF4B-00C04F79EFBC}") = "Oyun.Web", "Oyun.Web\Oyun.Web.csproj", "{0365ECF9-A12B-4E39-BBAE-C22C7350D7CB}"
EndProject
Global
	GlobalSection(SolutionConfigurationPlatforms) = preSolution
		Debug|Any CPU = Debug|Any CPU
		Release|Any CPU = Release|Any CPU
	EndGlobalSection
	GlobalSection(ProjectConfigurationPlatforms) = postSolution
		{0365ECF9-A12B-4E39-BBAE-C22C7350D7CB}.Debug|Any CPU.ActiveCfg = Debug|Any CPU
		{0365ECF9-A12B-4E39-BBAE-C22C7350D7CB}.Debug|Any CPU.Build.0 = Debug|Any CPU
		{0365ECF9-A12B-4E39-BBAE-C22C7350D7CB}.Release|Any CPU.ActiveCfg = Release|Any CPU
		{0365ECF9-A12B-4E39-BBAE-C22C7350D7CB}.Release|Any CPU.Build.0 = Release|Any CPU
	EndGlobalSection
	GlobalSection(SolutionProperties) = preSolution
		HideSolutionNode = FALSE
	EndGlobalSection
	GlobalSection(ExtensibilityGlobals) = postSolution
		SolutionGuid = {DF801F32-F9A0-40E7-AAAA-15D4519DF699}
	EndGlobalSection
EndGlobal
