
Microsoft Visual Studio Solution File, Format Version 12.00
# Visual Studio Version 17
VisualStudioVersion = 17.4.33213.308
MinimumVisualStudioVersion = 10.0.40219.1
Project("{FAE04EC0-301F-11D3-BF4B-00C04F79EFBC}") = "ArrayListe", "ArrayList\ArrayListe.csproj", "{53FCA86F-2214-494E-97C8-2B15E27CD0A8}"
EndProject
Global
	GlobalSection(SolutionConfigurationPlatforms) = preSolution
		Debug|Any CPU = Debug|Any CPU
		Release|Any CPU = Release|Any CPU
	EndGlobalSection
	GlobalSection(ProjectConfigurationPlatforms) = postSolution
		{53FCA86F-2214-494E-97C8-2B15E27CD0A8}.Debug|Any CPU.ActiveCfg = Debug|Any CPU
		{53FCA86F-2214-494E-97C8-2B15E27CD0A8}.Debug|Any CPU.Build.0 = Debug|Any CPU
		{53FCA86F-2214-494E-97C8-2B15E27CD0A8}.Release|Any CPU.ActiveCfg = Release|Any CPU
		{53FCA86F-2214-494E-97C8-2B15E27CD0A8}.Release|Any CPU.Build.0 = Release|Any CPU
	EndGlobalSection
	GlobalSection(SolutionProperties) = preSolution
		HideSolutionNode = FALSE
	EndGlobalSection
	GlobalSection(ExtensibilityGlobals) = postSolution
		SolutionGuid = {B8177E8F-A61D-46F7-8AA0-F7941DC8D2E5}
	EndGlobalSection
EndGlobal
