
Microsoft Visual Studio Solution File, Format Version 12.00
# Visual Studio Version 17
VisualStudioVersion = 17.4.33213.308
MinimumVisualStudioVersion = 10.0.40219.1
Project("{FAE04EC0-301F-11D3-BF4B-00C04F79EFBC}") = "KayitProje", "KayitProje\KayitProje.csproj", "{1EC41EE2-7A86-482F-A688-AA071D0A9C28}"
EndProject
Global
	GlobalSection(SolutionConfigurationPlatforms) = preSolution
		Debug|Any CPU = Debug|Any CPU
		Release|Any CPU = Release|Any CPU
	EndGlobalSection
	GlobalSection(ProjectConfigurationPlatforms) = postSolution
		{1EC41EE2-7A86-482F-A688-AA071D0A9C28}.Debug|Any CPU.ActiveCfg = Debug|Any CPU
		{1EC41EE2-7A86-482F-A688-AA071D0A9C28}.Debug|Any CPU.Build.0 = Debug|Any CPU
		{1EC41EE2-7A86-482F-A688-AA071D0A9C28}.Release|Any CPU.ActiveCfg = Release|Any CPU
		{1EC41EE2-7A86-482F-A688-AA071D0A9C28}.Release|Any CPU.Build.0 = Release|Any CPU
	EndGlobalSection
	GlobalSection(SolutionProperties) = preSolution
		HideSolutionNode = FALSE
	EndGlobalSection
	GlobalSection(ExtensibilityGlobals) = postSolution
		SolutionGuid = {E0ACA375-2C44-4E41-A0FD-FAC2DF4C5848}
	EndGlobalSection
EndGlobal
