
Microsoft Visual Studio Solution File, Format Version 12.00
# Visual Studio Version 17
VisualStudioVersion = 17.4.33213.308
MinimumVisualStudioVersion = 10.0.40219.1
Project("{9A19103F-16F7-4668-BE54-9A1E7A4F7556}") = "DbFirst", "DbFirst\DbFirst.csproj", "{A2FB00A5-0A2D-4669-9A96-81C571952334}"
EndProject
Project("{9A19103F-16F7-4668-BE54-9A1E7A4F7556}") = "CodeFirst", "CodeFirst\CodeFirst.csproj", "{C7E8C095-8399-4DD5-B021-2BDB82BCBF15}"
EndProject
Project("{9A19103F-16F7-4668-BE54-9A1E7A4F7556}") = "EfCoreTemelKurallar_CRUD", "EfCoreTemelKurallar_CRUD\EfCoreTemelKurallar_CRUD.csproj", "{4131D947-4290-4125-82BD-5A40B9F75D98}"
EndProject
Project("{FAE04EC0-301F-11D3-BF4B-00C04F79EFBC}") = "TemelKurallar", "TemelKurallar\TemelKurallar.csproj", "{007EA01F-EC86-4B80-8E91-319CEE042B61}"
EndProject
Global
	GlobalSection(SolutionConfigurationPlatforms) = preSolution
		Debug|Any CPU = Debug|Any CPU
		Release|Any CPU = Release|Any CPU
	EndGlobalSection
	GlobalSection(ProjectConfigurationPlatforms) = postSolution
		{A2FB00A5-0A2D-4669-9A96-81C571952334}.Debug|Any CPU.ActiveCfg = Debug|Any CPU
		{A2FB00A5-0A2D-4669-9A96-81C571952334}.Debug|Any CPU.Build.0 = Debug|Any CPU
		{A2FB00A5-0A2D-4669-9A96-81C571952334}.Release|Any CPU.ActiveCfg = Release|Any CPU
		{A2FB00A5-0A2D-4669-9A96-81C571952334}.Release|Any CPU.Build.0 = Release|Any CPU
		{C7E8C095-8399-4DD5-B021-2BDB82BCBF15}.Debug|Any CPU.ActiveCfg = Debug|Any CPU
		{C7E8C095-8399-4DD5-B021-2BDB82BCBF15}.Debug|Any CPU.Build.0 = Debug|Any CPU
		{C7E8C095-8399-4DD5-B021-2BDB82BCBF15}.Release|Any CPU.ActiveCfg = Release|Any CPU
		{C7E8C095-8399-4DD5-B021-2BDB82BCBF15}.Release|Any CPU.Build.0 = Release|Any CPU
		{4131D947-4290-4125-82BD-5A40B9F75D98}.Debug|Any CPU.ActiveCfg = Debug|Any CPU
		{4131D947-4290-4125-82BD-5A40B9F75D98}.Debug|Any CPU.Build.0 = Debug|Any CPU
		{4131D947-4290-4125-82BD-5A40B9F75D98}.Release|Any CPU.ActiveCfg = Release|Any CPU
		{4131D947-4290-4125-82BD-5A40B9F75D98}.Release|Any CPU.Build.0 = Release|Any CPU
		{007EA01F-EC86-4B80-8E91-319CEE042B61}.Debug|Any CPU.ActiveCfg = Debug|Any CPU
		{007EA01F-EC86-4B80-8E91-319CEE042B61}.Debug|Any CPU.Build.0 = Debug|Any CPU
		{007EA01F-EC86-4B80-8E91-319CEE042B61}.Release|Any CPU.ActiveCfg = Release|Any CPU
		{007EA01F-EC86-4B80-8E91-319CEE042B61}.Release|Any CPU.Build.0 = Release|Any CPU
	EndGlobalSection
	GlobalSection(SolutionProperties) = preSolution
		HideSolutionNode = FALSE
	EndGlobalSection
	GlobalSection(ExtensibilityGlobals) = postSolution
		SolutionGuid = {D49F52B7-1036-414F-AFC9-8BA039234FD3}
	EndGlobalSection
EndGlobal
