
Microsoft Visual Studio Solution File, Format Version 12.00
# Visual Studio Version 17
VisualStudioVersion = 17.4.33213.308
MinimumVisualStudioVersion = 10.0.40219.1
Project("{FAE04EC0-301F-11D3-BF4B-00C04F79EFBC}") = "Kalitim_Devam", "Kalitim_Devam\Kalitim_Devam.csproj", "{36AEECB2-FDE9-4DFB-B460-BAEC22CDDE06}"
EndProject
Global
	GlobalSection(SolutionConfigurationPlatforms) = preSolution
		Debug|Any CPU = Debug|Any CPU
		Release|Any CPU = Release|Any CPU
	EndGlobalSection
	GlobalSection(ProjectConfigurationPlatforms) = postSolution
		{36AEECB2-FDE9-4DFB-B460-BAEC22CDDE06}.Debug|Any CPU.ActiveCfg = Debug|Any CPU
		{36AEECB2-FDE9-4DFB-B460-BAEC22CDDE06}.Debug|Any CPU.Build.0 = Debug|Any CPU
		{36AEECB2-FDE9-4DFB-B460-BAEC22CDDE06}.Release|Any CPU.ActiveCfg = Release|Any CPU
		{36AEECB2-FDE9-4DFB-B460-BAEC22CDDE06}.Release|Any CPU.Build.0 = Release|Any CPU
	EndGlobalSection
	GlobalSection(SolutionProperties) = preSolution
		HideSolutionNode = FALSE
	EndGlobalSection
	GlobalSection(ExtensibilityGlobals) = postSolution
		SolutionGuid = {C9F8275A-0E1D-4B5B-B583-5CD3E33704B0}
	EndGlobalSection
EndGlobal
