
Microsoft Visual Studio Solution File, Format Version 12.00
# Visual Studio Version 17
VisualStudioVersion = 17.4.33213.308
MinimumVisualStudioVersion = 10.0.40219.1
Project("{FAE04EC0-301F-11D3-BF4B-00C04F79EFBC}") = "YonetimSistemi", "YonetimSistemi\YonetimSistemi.csproj", "{DC7841FA-EA24-4981-BCEC-E89C02325758}"
EndProject
Global
	GlobalSection(SolutionConfigurationPlatforms) = preSolution
		Debug|Any CPU = Debug|Any CPU
		Release|Any CPU = Release|Any CPU
	EndGlobalSection
	GlobalSection(ProjectConfigurationPlatforms) = postSolution
		{DC7841FA-EA24-4981-BCEC-E89C02325758}.Debug|Any CPU.ActiveCfg = Debug|Any CPU
		{DC7841FA-EA24-4981-BCEC-E89C02325758}.Debug|Any CPU.Build.0 = Debug|Any CPU
		{DC7841FA-EA24-4981-BCEC-E89C02325758}.Release|Any CPU.ActiveCfg = Release|Any CPU
		{DC7841FA-EA24-4981-BCEC-E89C02325758}.Release|Any CPU.Build.0 = Release|Any CPU
	EndGlobalSection
	GlobalSection(SolutionProperties) = preSolution
		HideSolutionNode = FALSE
	EndGlobalSection
	GlobalSection(ExtensibilityGlobals) = postSolution
		SolutionGuid = {E5F0E6A1-49CE-4D64-992A-10F2C2160B7B}
	EndGlobalSection
EndGlobal
